
Microsoft Visual Studio Solution File, Format Version 10.00
# Visual C# Express 2008
Project("{FAE04EC0-301F-11D3-BF4B-00C04F79EFBC}") = "mnBackup.Lib", "mnBackupLib\mnBackup.Lib.csproj", "{626FBAE3-A589-48B2-8714-DD25ED3CBA96}"
EndProject
Project("{FAE04EC0-301F-11D3-BF4B-00C04F79EFBC}") = "mnBackup", "mnBackup\mnBackup.csproj", "{D2809386-5ABB-47E6-A4A5-EEB882766EA1}"
EndProject
Project("{FAE04EC0-301F-11D3-BF4B-00C04F79EFBC}") = "mnBackupTest", "mnBackupTest\mnBackupTest.csproj", "{9B20799F-A7A4-437A-B2EE-AEEEB4BF40D8}"
EndProject
Global
	GlobalSection(SolutionConfigurationPlatforms) = preSolution
		Debug|Any CPU = Debug|Any CPU
		Release|Any CPU = Release|Any CPU
	EndGlobalSection
	GlobalSection(ProjectConfigurationPlatforms) = postSolution
		{626FBAE3-A589-48B2-8714-DD25ED3CBA96}.Debug|Any CPU.ActiveCfg = Debug|Any CPU
		{626FBAE3-A589-48B2-8714-DD25ED3CBA96}.Debug|Any CPU.Build.0 = Debug|Any CPU
		{626FBAE3-A589-48B2-8714-DD25ED3CBA96}.Release|Any CPU.ActiveCfg = Release|Any CPU
		{626FBAE3-A589-48B2-8714-DD25ED3CBA96}.Release|Any CPU.Build.0 = Release|Any CPU
		{D2809386-5ABB-47E6-A4A5-EEB882766EA1}.Debug|Any CPU.ActiveCfg = Debug|Any CPU
		{D2809386-5ABB-47E6-A4A5-EEB882766EA1}.Debug|Any CPU.Build.0 = Debug|Any CPU
		{D2809386-5ABB-47E6-A4A5-EEB882766EA1}.Release|Any CPU.ActiveCfg = Release|Any CPU
		{D2809386-5ABB-47E6-A4A5-EEB882766EA1}.Release|Any CPU.Build.0 = Release|Any CPU
		{9B20799F-A7A4-437A-B2EE-AEEEB4BF40D8}.Debug|Any CPU.ActiveCfg = Debug|Any CPU
		{9B20799F-A7A4-437A-B2EE-AEEEB4BF40D8}.Debug|Any CPU.Build.0 = Debug|Any CPU
		{9B20799F-A7A4-437A-B2EE-AEEEB4BF40D8}.Release|Any CPU.ActiveCfg = Release|Any CPU
		{9B20799F-A7A4-437A-B2EE-AEEEB4BF40D8}.Release|Any CPU.Build.0 = Release|Any CPU
	EndGlobalSection
	GlobalSection(SolutionProperties) = preSolution
		HideSolutionNode = FALSE
	EndGlobalSection
EndGlobal
